
Microsoft Visual Studio Solution File, Format Version 12.00
# Visual Studio Version 17
VisualStudioVersion = 17.12.35527.113
MinimumVisualStudioVersion = 10.0.40219.1
Project("{FAE04EC0-301F-11D3-BF4B-00C04F79EFBC}") = "EsnyaTweaks", "EsnyaTweaks.csproj", "{B73E6444-1AB6-413C-BB02-4F9316317E96}"
	ProjectSection(ProjectDependencies) = postProject
		{0638E988-9BAC-4BEF-9089-2DA1357BF99C} = {0638E988-9BAC-4BEF-9089-2DA1357BF99C}
		{1EDA767D-6E4F-4705-99C1-4AE8F455D46D} = {1EDA767D-6E4F-4705-99C1-4AE8F455D46D}
		{5BE9D059-0227-4322-B73D-54F422E7DDA2} = {5BE9D059-0227-4322-B73D-54F422E7DDA2}
		{A7A0326B-D757-4E2C-ACD6-426B0F3F18E4} = {A7A0326B-D757-4E2C-ACD6-426B0F3F18E4}
		{D0282062-760B-452B-8C78-0F0E15858EF5} = {D0282062-760B-452B-8C78-0F0E15858EF5}
	EndProjectSection
EndProject
Project("{FAE04EC0-301F-11D3-BF4B-00C04F79EFBC}") = "LODGroupTweaks", "LODGroupTweaks\LODGroupTweaks.csproj", "{1EDA767D-6E4F-4705-99C1-4AE8F455D46D}"
EndProject
Project("{FAE04EC0-301F-11D3-BF4B-00C04F79EFBC}") = "FluxLoopTweaks", "FluxLoopTweaks\FluxLoopTweaks.csproj", "{0638E988-9BAC-4BEF-9089-2DA1357BF99C}"
EndProject
Project("{FAE04EC0-301F-11D3-BF4B-00C04F79EFBC}") = "UniLogTweaks", "UniLogTweaks\UniLogTweaks.csproj", "{5BE9D059-0227-4322-B73D-54F422E7DDA2}"
EndProject
Project("{FAE04EC0-301F-11D3-BF4B-00C04F79EFBC}") = "SystemHelperTweaks", "SystemHelperTweaks\SystemHelperTweaks.csproj", "{D0282062-760B-452B-8C78-0F0E15858EF5}"
EndProject
Project("{FAE04EC0-301F-11D3-BF4B-00C04F79EFBC}") = "PhotonDustTweaks", "PhotonDustTweaks\PhotonDustTweaks.csproj", "{A7A0326B-D757-4E2C-ACD6-426B0F3F18E4}"
EndProject
Project("{FAE04EC0-301F-11D3-BF4B-00C04F79EFBC}") = "VideoTweaks", "VideoTweaks\VideoTweaks.csproj", "{EBC4680C-7AAA-494E-8549-0687D82DC15E}"
EndProject
Global
	GlobalSection(SolutionConfigurationPlatforms) = preSolution
		Debug|Any CPU = Debug|Any CPU
		Debug|x64 = Debug|x64
		Release|Any CPU = Release|Any CPU
		Release|x64 = Release|x64
	EndGlobalSection
	GlobalSection(ProjectConfigurationPlatforms) = postSolution
		{B73E6444-1AB6-413C-BB02-4F9316317E96}.Debug|Any CPU.ActiveCfg = Debug|Any CPU
		{B73E6444-1AB6-413C-BB02-4F9316317E96}.Debug|x64.ActiveCfg = Debug|x64
		{B73E6444-1AB6-413C-BB02-4F9316317E96}.Release|Any CPU.ActiveCfg = Release|Any CPU
		{B73E6444-1AB6-413C-BB02-4F9316317E96}.Release|x64.ActiveCfg = Release|x64
		{1EDA767D-6E4F-4705-99C1-4AE8F455D46D}.Debug|Any CPU.ActiveCfg = Debug|Any CPU
		{1EDA767D-6E4F-4705-99C1-4AE8F455D46D}.Debug|Any CPU.Build.0 = Debug|Any CPU
		{1EDA767D-6E4F-4705-99C1-4AE8F455D46D}.Debug|x64.ActiveCfg = Debug|x64
		{1EDA767D-6E4F-4705-99C1-4AE8F455D46D}.Debug|x64.Build.0 = Debug|x64
		{1EDA767D-6E4F-4705-99C1-4AE8F455D46D}.Release|Any CPU.ActiveCfg = Release|Any CPU
		{1EDA767D-6E4F-4705-99C1-4AE8F455D46D}.Release|Any CPU.Build.0 = Release|Any CPU
		{1EDA767D-6E4F-4705-99C1-4AE8F455D46D}.Release|x64.ActiveCfg = Release|x64
		{1EDA767D-6E4F-4705-99C1-4AE8F455D46D}.Release|x64.Build.0 = Release|x64
		{0638E988-9BAC-4BEF-9089-2DA1357BF99C}.Debug|Any CPU.ActiveCfg = Debug|Any CPU
		{0638E988-9BAC-4BEF-9089-2DA1357BF99C}.Debug|Any CPU.Build.0 = Debug|Any CPU
		{0638E988-9BAC-4BEF-9089-2DA1357BF99C}.Debug|x64.ActiveCfg = Debug|x64
		{0638E988-9BAC-4BEF-9089-2DA1357BF99C}.Debug|x64.Build.0 = Debug|x64
		{0638E988-9BAC-4BEF-9089-2DA1357BF99C}.Release|Any CPU.ActiveCfg = Release|Any CPU
		{0638E988-9BAC-4BEF-9089-2DA1357BF99C}.Release|Any CPU.Build.0 = Release|Any CPU
		{0638E988-9BAC-4BEF-9089-2DA1357BF99C}.Release|x64.ActiveCfg = Release|x64
		{0638E988-9BAC-4BEF-9089-2DA1357BF99C}.Release|x64.Build.0 = Release|x64
		{5BE9D059-0227-4322-B73D-54F422E7DDA2}.Debug|Any CPU.ActiveCfg = Debug|Any CPU
		{5BE9D059-0227-4322-B73D-54F422E7DDA2}.Debug|Any CPU.Build.0 = Debug|Any CPU
		{5BE9D059-0227-4322-B73D-54F422E7DDA2}.Debug|x64.ActiveCfg = Debug|x64
		{5BE9D059-0227-4322-B73D-54F422E7DDA2}.Debug|x64.Build.0 = Debug|x64
		{5BE9D059-0227-4322-B73D-54F422E7DDA2}.Release|Any CPU.ActiveCfg = Release|Any CPU
		{5BE9D059-0227-4322-B73D-54F422E7DDA2}.Release|Any CPU.Build.0 = Release|Any CPU
		{5BE9D059-0227-4322-B73D-54F422E7DDA2}.Release|x64.ActiveCfg = Release|x64
		{5BE9D059-0227-4322-B73D-54F422E7DDA2}.Release|x64.Build.0 = Release|x64
		{D0282062-760B-452B-8C78-0F0E15858EF5}.Debug|Any CPU.ActiveCfg = Debug|Any CPU
		{D0282062-760B-452B-8C78-0F0E15858EF5}.Debug|Any CPU.Build.0 = Debug|Any CPU
		{D0282062-760B-452B-8C78-0F0E15858EF5}.Debug|x64.ActiveCfg = Debug|x64
		{D0282062-760B-452B-8C78-0F0E15858EF5}.Debug|x64.Build.0 = Debug|x64
		{D0282062-760B-452B-8C78-0F0E15858EF5}.Release|Any CPU.ActiveCfg = Release|Any CPU
		{D0282062-760B-452B-8C78-0F0E15858EF5}.Release|Any CPU.Build.0 = Release|Any CPU
		{D0282062-760B-452B-8C78-0F0E15858EF5}.Release|x64.ActiveCfg = Release|x64
		{D0282062-760B-452B-8C78-0F0E15858EF5}.Release|x64.Build.0 = Release|x64
		{A7A0326B-D757-4E2C-ACD6-426B0F3F18E4}.Debug|Any CPU.ActiveCfg = Debug|Any CPU
		{A7A0326B-D757-4E2C-ACD6-426B0F3F18E4}.Debug|Any CPU.Build.0 = Debug|Any CPU
		{A7A0326B-D757-4E2C-ACD6-426B0F3F18E4}.Debug|x64.ActiveCfg = Debug|x64
		{A7A0326B-D757-4E2C-ACD6-426B0F3F18E4}.Debug|x64.Build.0 = Debug|x64
		{A7A0326B-D757-4E2C-ACD6-426B0F3F18E4}.Release|Any CPU.ActiveCfg = Release|Any CPU
		{A7A0326B-D757-4E2C-ACD6-426B0F3F18E4}.Release|Any CPU.Build.0 = Release|Any CPU
		{A7A0326B-D757-4E2C-ACD6-426B0F3F18E4}.Release|x64.ActiveCfg = Release|x64
		{A7A0326B-D757-4E2C-ACD6-426B0F3F18E4}.Release|x64.Build.0 = Release|x64
		{EBC4680C-7AAA-494E-8549-0687D82DC15E}.Debug|Any CPU.ActiveCfg = Debug|Any CPU
		{EBC4680C-7AAA-494E-8549-0687D82DC15E}.Debug|Any CPU.Build.0 = Debug|Any CPU
		{EBC4680C-7AAA-494E-8549-0687D82DC15E}.Debug|x64.ActiveCfg = Debug|Any CPU
		{EBC4680C-7AAA-494E-8549-0687D82DC15E}.Debug|x64.Build.0 = Debug|Any CPU
		{EBC4680C-7AAA-494E-8549-0687D82DC15E}.Release|Any CPU.ActiveCfg = Release|Any CPU
		{EBC4680C-7AAA-494E-8549-0687D82DC15E}.Release|Any CPU.Build.0 = Release|Any CPU
		{EBC4680C-7AAA-494E-8549-0687D82DC15E}.Release|x64.ActiveCfg = Release|Any CPU
		{EBC4680C-7AAA-494E-8549-0687D82DC15E}.Release|x64.Build.0 = Release|Any CPU
	EndGlobalSection
	GlobalSection(SolutionProperties) = preSolution
		HideSolutionNode = FALSE
	EndGlobalSection
EndGlobal
