Microsoft Visual Studio Solution File, Format Version 12.00
# Visual Studio Version 17
VisualStudioVersion = 17.12.35527.113
MinimumVisualStudioVersion = 10.0.40219.1
Project("{FAE04EC0-301F-11D3-BF4B-00C04F79EFBC}") = "LODGroupTweaks", "LODGroupTweaks\LODGroupTweaks.csproj", "{1EDA767D-6E4F-4705-99C1-4AE8F455D46D}"
EndProject
Project("{FAE04EC0-301F-11D3-BF4B-00C04F79EFBC}") = "InventoryUITweaks.Tests", "InventoryUITweaks.Tests\InventoryUITweaks.Tests.csproj", "{E35C9D65-690A-4E15-9C42-5C1B3C78F675}"
EndProject
Project("{FAE04EC0-301F-11D3-BF4B-00C04F79EFBC}") = "FluxLoopTweaks", "FluxLoopTweaks\FluxLoopTweaks.csproj", "{0638E988-9BAC-4BEF-9089-2DA1357BF99C}"
EndProject
Project("{FAE04EC0-301F-11D3-BF4B-00C04F79EFBC}") = "UniLogTweaks", "UniLogTweaks\UniLogTweaks.csproj", "{5BE9D059-0227-4322-B73D-54F422E7DDA2}"
EndProject
Project("{FAE04EC0-301F-11D3-BF4B-00C04F79EFBC}") = "PhotonDustTweaks", "PhotonDustTweaks\PhotonDustTweaks.csproj", "{A7A0326B-D757-4E2C-ACD6-426B0F3F18E4}"
EndProject
Project("{FAE04EC0-301F-11D3-BF4B-00C04F79EFBC}") = "FluxLoopTweaks.Tests", "FluxLoopTweaks.Tests\FluxLoopTweaks.Tests.csproj", "{9A0AF87D-F102-448F-8B75-B9696D5159AA}"
EndProject
Project("{FAE04EC0-301F-11D3-BF4B-00C04F79EFBC}") = "LODGroupTweaks.Tests", "LODGroupTweaks.Tests\LODGroupTweaks.Tests.csproj", "{DA0D4E6F-9A71-4251-A4E6-37CA4BB13687}"
EndProject
Project("{FAE04EC0-301F-11D3-BF4B-00C04F79EFBC}") = "PhotonDustTweaks.Tests", "PhotonDustTweaks.Tests\PhotonDustTweaks.Tests.csproj", "{9454CEF3-8C34-4C50-A510-9CE3479FB3BE}"
EndProject
Project("{FAE04EC0-301F-11D3-BF4B-00C04F79EFBC}") = "UniLogTweaks.Tests", "UniLogTweaks.Tests\UniLogTweaks.Tests.csproj", "{4E41E71E-8262-4051-8319-11387B4FD592}"
EndProject
Project("{FAE04EC0-301F-11D3-BF4B-00C04F79EFBC}") = "AssetOptimizationTweaks", "AssetOptimizationTweaks\AssetOptimizationTweaks.csproj", "{B7C8F5E2-9D4A-4A5E-8C7B-1F2E3D4C5B6A}"
EndProject
Project("{FAE04EC0-301F-11D3-BF4B-00C04F79EFBC}") = "AssetOptimizationTweaks.Tests", "AssetOptimizationTweaks.Tests\AssetOptimizationTweaks.Tests.csproj", "{A8D9E6F3-0E5B-4B6F-9D8C-2A3F4E5D6C7B}"
EndProject
Project("{FAE04EC0-301F-11D3-BF4B-00C04F79EFBC}") = "InventoryUITweaks", "InventoryUITweaks\InventoryUITweaks.csproj", "{39FA3E6F-52A6-41E2-A923-D50674B91C58}"
EndProject
Project("{FAE04EC0-301F-11D3-BF4B-00C04F79EFBC}") = "SceneAuditor", "SceneAuditor\SceneAuditor.csproj", "{2C9F51C9-6A2E-4E4F-9F76-0D2B2A9E9B10}"
EndProject
Project("{FAE04EC0-301F-11D3-BF4B-00C04F79EFBC}") = "SceneAuditor.Tests", "SceneAuditor.Tests\SceneAuditor.Tests.csproj", "{7B4B3D0E-1EAC-4F2E-A1D2-9C8B5D2C6E90}"
EndProject
Project("{D954291E-2A0B-460D-934E-DC6B0785DB48}") = "Shared", "Shared\Shared.shproj", "{A6E4A0F5-5C1E-4B56-9D54-2AF9D9C7E6C1}"
EndProject
Global
	GlobalSection(SolutionConfigurationPlatforms) = preSolution
		Debug|Any CPU = Debug|Any CPU
		Debug|x64 = Debug|x64
		Debug|x86 = Debug|x86
		Release|Any CPU = Release|Any CPU
		Release|x64 = Release|x64
		Release|x86 = Release|x86
	EndGlobalSection
	GlobalSection(ProjectConfigurationPlatforms) = postSolution
		{1EDA767D-6E4F-4705-99C1-4AE8F455D46D}.Debug|Any CPU.ActiveCfg = Debug|Any CPU
		{1EDA767D-6E4F-4705-99C1-4AE8F455D46D}.Debug|Any CPU.Build.0 = Debug|Any CPU
		{1EDA767D-6E4F-4705-99C1-4AE8F455D46D}.Debug|x64.ActiveCfg = Debug|x64
		{1EDA767D-6E4F-4705-99C1-4AE8F455D46D}.Debug|x64.Build.0 = Debug|x64
		{1EDA767D-6E4F-4705-99C1-4AE8F455D46D}.Debug|x86.ActiveCfg = Debug|Any CPU
		{1EDA767D-6E4F-4705-99C1-4AE8F455D46D}.Debug|x86.Build.0 = Debug|Any CPU
		{1EDA767D-6E4F-4705-99C1-4AE8F455D46D}.Release|Any CPU.ActiveCfg = Release|Any CPU
		{1EDA767D-6E4F-4705-99C1-4AE8F455D46D}.Release|Any CPU.Build.0 = Release|Any CPU
		{1EDA767D-6E4F-4705-99C1-4AE8F455D46D}.Release|x64.ActiveCfg = Release|x64
		{1EDA767D-6E4F-4705-99C1-4AE8F455D46D}.Release|x64.Build.0 = Release|x64
		{1EDA767D-6E4F-4705-99C1-4AE8F455D46D}.Release|x86.ActiveCfg = Release|Any CPU
		{1EDA767D-6E4F-4705-99C1-4AE8F455D46D}.Release|x86.Build.0 = Release|Any CPU
		{0638E988-9BAC-4BEF-9089-2DA1357BF99C}.Debug|Any CPU.ActiveCfg = Debug|Any CPU
		{0638E988-9BAC-4BEF-9089-2DA1357BF99C}.Debug|Any CPU.Build.0 = Debug|Any CPU
		{0638E988-9BAC-4BEF-9089-2DA1357BF99C}.Debug|x64.ActiveCfg = Debug|x64
		{0638E988-9BAC-4BEF-9089-2DA1357BF99C}.Debug|x64.Build.0 = Debug|x64
		{0638E988-9BAC-4BEF-9089-2DA1357BF99C}.Debug|x86.ActiveCfg = Debug|Any CPU
		{0638E988-9BAC-4BEF-9089-2DA1357BF99C}.Debug|x86.Build.0 = Debug|Any CPU
		{0638E988-9BAC-4BEF-9089-2DA1357BF99C}.Release|Any CPU.ActiveCfg = Release|Any CPU
		{0638E988-9BAC-4BEF-9089-2DA1357BF99C}.Release|Any CPU.Build.0 = Release|Any CPU
		{0638E988-9BAC-4BEF-9089-2DA1357BF99C}.Release|x64.ActiveCfg = Release|x64
		{0638E988-9BAC-4BEF-9089-2DA1357BF99C}.Release|x64.Build.0 = Release|x64
		{0638E988-9BAC-4BEF-9089-2DA1357BF99C}.Release|x86.ActiveCfg = Release|Any CPU
		{0638E988-9BAC-4BEF-9089-2DA1357BF99C}.Release|x86.Build.0 = Release|Any CPU
		{5BE9D059-0227-4322-B73D-54F422E7DDA2}.Debug|Any CPU.ActiveCfg = Debug|Any CPU
		{5BE9D059-0227-4322-B73D-54F422E7DDA2}.Debug|Any CPU.Build.0 = Debug|Any CPU
		{5BE9D059-0227-4322-B73D-54F422E7DDA2}.Debug|x64.ActiveCfg = Debug|x64
		{5BE9D059-0227-4322-B73D-54F422E7DDA2}.Debug|x64.Build.0 = Debug|x64
		{5BE9D059-0227-4322-B73D-54F422E7DDA2}.Debug|x86.ActiveCfg = Debug|Any CPU
		{5BE9D059-0227-4322-B73D-54F422E7DDA2}.Debug|x86.Build.0 = Debug|Any CPU
		{5BE9D059-0227-4322-B73D-54F422E7DDA2}.Release|Any CPU.ActiveCfg = Release|Any CPU
		{5BE9D059-0227-4322-B73D-54F422E7DDA2}.Release|Any CPU.Build.0 = Release|Any CPU
		{5BE9D059-0227-4322-B73D-54F422E7DDA2}.Release|x64.ActiveCfg = Release|x64
		{5BE9D059-0227-4322-B73D-54F422E7DDA2}.Release|x64.Build.0 = Release|x64
		{5BE9D059-0227-4322-B73D-54F422E7DDA2}.Release|x86.ActiveCfg = Release|Any CPU
		{5BE9D059-0227-4322-B73D-54F422E7DDA2}.Release|x86.Build.0 = Release|Any CPU
		{D0282062-760B-452B-8C78-0F0E15858EF5}.Debug|Any CPU.ActiveCfg = Debug|Any CPU
		{D0282062-760B-452B-8C78-0F0E15858EF5}.Debug|Any CPU.Build.0 = Debug|Any CPU
		{D0282062-760B-452B-8C78-0F0E15858EF5}.Debug|x64.ActiveCfg = Debug|x64
		{D0282062-760B-452B-8C78-0F0E15858EF5}.Debug|x64.Build.0 = Debug|x64
		{D0282062-760B-452B-8C78-0F0E15858EF5}.Debug|x86.ActiveCfg = Debug|Any CPU
		{D0282062-760B-452B-8C78-0F0E15858EF5}.Debug|x86.Build.0 = Debug|Any CPU
		{D0282062-760B-452B-8C78-0F0E15858EF5}.Release|Any CPU.ActiveCfg = Release|Any CPU
		{D0282062-760B-452B-8C78-0F0E15858EF5}.Release|Any CPU.Build.0 = Release|Any CPU
		{D0282062-760B-452B-8C78-0F0E15858EF5}.Release|x64.ActiveCfg = Release|x64
		{D0282062-760B-452B-8C78-0F0E15858EF5}.Release|x64.Build.0 = Release|x64
		{D0282062-760B-452B-8C78-0F0E15858EF5}.Release|x86.ActiveCfg = Release|Any CPU
		{D0282062-760B-452B-8C78-0F0E15858EF5}.Release|x86.Build.0 = Release|Any CPU
		{A7A0326B-D757-4E2C-ACD6-426B0F3F18E4}.Debug|Any CPU.ActiveCfg = Debug|Any CPU
		{A7A0326B-D757-4E2C-ACD6-426B0F3F18E4}.Debug|Any CPU.Build.0 = Debug|Any CPU
		{A7A0326B-D757-4E2C-ACD6-426B0F3F18E4}.Debug|x64.ActiveCfg = Debug|x64
		{A7A0326B-D757-4E2C-ACD6-426B0F3F18E4}.Debug|x64.Build.0 = Debug|x64
		{A7A0326B-D757-4E2C-ACD6-426B0F3F18E4}.Debug|x86.ActiveCfg = Debug|Any CPU
		{A7A0326B-D757-4E2C-ACD6-426B0F3F18E4}.Debug|x86.Build.0 = Debug|Any CPU
		{A7A0326B-D757-4E2C-ACD6-426B0F3F18E4}.Release|Any CPU.ActiveCfg = Release|Any CPU
		{A7A0326B-D757-4E2C-ACD6-426B0F3F18E4}.Release|Any CPU.Build.0 = Release|Any CPU
		{A7A0326B-D757-4E2C-ACD6-426B0F3F18E4}.Release|x64.ActiveCfg = Release|x64
		{A7A0326B-D757-4E2C-ACD6-426B0F3F18E4}.Release|x64.Build.0 = Release|x64
		{A7A0326B-D757-4E2C-ACD6-426B0F3F18E4}.Release|x86.ActiveCfg = Release|Any CPU
		{A7A0326B-D757-4E2C-ACD6-426B0F3F18E4}.Release|x86.Build.0 = Release|Any CPU
		{9A0AF87D-F102-448F-8B75-B9696D5159AA}.Debug|Any CPU.ActiveCfg = Debug|Any CPU
		{9A0AF87D-F102-448F-8B75-B9696D5159AA}.Debug|Any CPU.Build.0 = Debug|Any CPU
		{9A0AF87D-F102-448F-8B75-B9696D5159AA}.Debug|x64.ActiveCfg = Debug|x64
		{9A0AF87D-F102-448F-8B75-B9696D5159AA}.Debug|x64.Build.0 = Debug|x64
		{9A0AF87D-F102-448F-8B75-B9696D5159AA}.Debug|x86.ActiveCfg = Debug|Any CPU
		{9A0AF87D-F102-448F-8B75-B9696D5159AA}.Debug|x86.Build.0 = Debug|Any CPU
		{9A0AF87D-F102-448F-8B75-B9696D5159AA}.Release|Any CPU.ActiveCfg = Release|Any CPU
		{9A0AF87D-F102-448F-8B75-B9696D5159AA}.Release|Any CPU.Build.0 = Release|Any CPU
		{9A0AF87D-F102-448F-8B75-B9696D5159AA}.Release|x64.ActiveCfg = Release|x64
		{9A0AF87D-F102-448F-8B75-B9696D5159AA}.Release|x64.Build.0 = Release|x64
		{9A0AF87D-F102-448F-8B75-B9696D5159AA}.Release|x86.ActiveCfg = Release|Any CPU
		{9A0AF87D-F102-448F-8B75-B9696D5159AA}.Release|x86.Build.0 = Release|Any CPU
		{DA0D4E6F-9A71-4251-A4E6-37CA4BB13687}.Debug|Any CPU.ActiveCfg = Debug|Any CPU
		{DA0D4E6F-9A71-4251-A4E6-37CA4BB13687}.Debug|Any CPU.Build.0 = Debug|Any CPU
		{DA0D4E6F-9A71-4251-A4E6-37CA4BB13687}.Debug|x64.ActiveCfg = Debug|x64
		{DA0D4E6F-9A71-4251-A4E6-37CA4BB13687}.Debug|x64.Build.0 = Debug|x64
		{DA0D4E6F-9A71-4251-A4E6-37CA4BB13687}.Debug|x86.ActiveCfg = Debug|Any CPU
		{DA0D4E6F-9A71-4251-A4E6-37CA4BB13687}.Debug|x86.Build.0 = Debug|Any CPU
		{DA0D4E6F-9A71-4251-A4E6-37CA4BB13687}.Release|Any CPU.ActiveCfg = Release|Any CPU
		{DA0D4E6F-9A71-4251-A4E6-37CA4BB13687}.Release|Any CPU.Build.0 = Release|Any CPU
		{DA0D4E6F-9A71-4251-A4E6-37CA4BB13687}.Release|x64.ActiveCfg = Release|x64
		{DA0D4E6F-9A71-4251-A4E6-37CA4BB13687}.Release|x64.Build.0 = Release|x64
		{DA0D4E6F-9A71-4251-A4E6-37CA4BB13687}.Release|x86.ActiveCfg = Release|Any CPU
		{DA0D4E6F-9A71-4251-A4E6-37CA4BB13687}.Release|x86.Build.0 = Release|Any CPU
		{9454CEF3-8C34-4C50-A510-9CE3479FB3BE}.Debug|Any CPU.ActiveCfg = Debug|Any CPU
		{9454CEF3-8C34-4C50-A510-9CE3479FB3BE}.Debug|Any CPU.Build.0 = Debug|Any CPU
		{9454CEF3-8C34-4C50-A510-9CE3479FB3BE}.Debug|x64.ActiveCfg = Debug|x64
		{9454CEF3-8C34-4C50-A510-9CE3479FB3BE}.Debug|x64.Build.0 = Debug|x64
		{9454CEF3-8C34-4C50-A510-9CE3479FB3BE}.Debug|x86.ActiveCfg = Debug|Any CPU
		{9454CEF3-8C34-4C50-A510-9CE3479FB3BE}.Debug|x86.Build.0 = Debug|Any CPU
		{9454CEF3-8C34-4C50-A510-9CE3479FB3BE}.Release|Any CPU.ActiveCfg = Release|Any CPU
		{9454CEF3-8C34-4C50-A510-9CE3479FB3BE}.Release|Any CPU.Build.0 = Release|Any CPU
		{9454CEF3-8C34-4C50-A510-9CE3479FB3BE}.Release|x64.ActiveCfg = Release|x64
		{9454CEF3-8C34-4C50-A510-9CE3479FB3BE}.Release|x64.Build.0 = Release|x64
		{9454CEF3-8C34-4C50-A510-9CE3479FB3BE}.Release|x86.ActiveCfg = Release|Any CPU
		{9454CEF3-8C34-4C50-A510-9CE3479FB3BE}.Release|x86.Build.0 = Release|Any CPU
		{7E5AABEA-B222-4C9A-AADD-4759DFED57FD}.Debug|Any CPU.ActiveCfg = Debug|Any CPU
		{7E5AABEA-B222-4C9A-AADD-4759DFED57FD}.Debug|Any CPU.Build.0 = Debug|Any CPU
		{7E5AABEA-B222-4C9A-AADD-4759DFED57FD}.Debug|x64.ActiveCfg = Debug|x64
		{7E5AABEA-B222-4C9A-AADD-4759DFED57FD}.Debug|x64.Build.0 = Debug|x64
		{7E5AABEA-B222-4C9A-AADD-4759DFED57FD}.Debug|x86.ActiveCfg = Debug|Any CPU
		{7E5AABEA-B222-4C9A-AADD-4759DFED57FD}.Debug|x86.Build.0 = Debug|Any CPU
		{7E5AABEA-B222-4C9A-AADD-4759DFED57FD}.Release|Any CPU.ActiveCfg = Release|Any CPU
		{7E5AABEA-B222-4C9A-AADD-4759DFED57FD}.Release|Any CPU.Build.0 = Release|Any CPU
		{7E5AABEA-B222-4C9A-AADD-4759DFED57FD}.Release|x64.ActiveCfg = Release|x64
		{7E5AABEA-B222-4C9A-AADD-4759DFED57FD}.Release|x64.Build.0 = Release|x64
		{7E5AABEA-B222-4C9A-AADD-4759DFED57FD}.Release|x86.ActiveCfg = Release|Any CPU
		{7E5AABEA-B222-4C9A-AADD-4759DFED57FD}.Release|x86.Build.0 = Release|Any CPU
		{4E41E71E-8262-4051-8319-11387B4FD592}.Debug|Any CPU.ActiveCfg = Debug|Any CPU
		{4E41E71E-8262-4051-8319-11387B4FD592}.Debug|Any CPU.Build.0 = Debug|Any CPU
		{4E41E71E-8262-4051-8319-11387B4FD592}.Debug|x64.ActiveCfg = Debug|x64
		{4E41E71E-8262-4051-8319-11387B4FD592}.Debug|x64.Build.0 = Debug|x64
		{4E41E71E-8262-4051-8319-11387B4FD592}.Debug|x86.ActiveCfg = Debug|Any CPU
		{4E41E71E-8262-4051-8319-11387B4FD592}.Debug|x86.Build.0 = Debug|Any CPU
		{4E41E71E-8262-4051-8319-11387B4FD592}.Release|Any CPU.ActiveCfg = Release|Any CPU
		{4E41E71E-8262-4051-8319-11387B4FD592}.Release|Any CPU.Build.0 = Release|Any CPU
		{4E41E71E-8262-4051-8319-11387B4FD592}.Release|x64.ActiveCfg = Release|x64
		{4E41E71E-8262-4051-8319-11387B4FD592}.Release|x64.Build.0 = Release|x64
		{4E41E71E-8262-4051-8319-11387B4FD592}.Release|x86.ActiveCfg = Release|Any CPU
		{4E41E71E-8262-4051-8319-11387B4FD592}.Release|x86.Build.0 = Release|Any CPU
		{A8D9E6F3-0E5B-4B6F-9D8C-2A3F4E5D6C7B}.Debug|Any CPU.ActiveCfg = Debug|Any CPU
		{A8D9E6F3-0E5B-4B6F-9D8C-2A3F4E5D6C7B}.Debug|Any CPU.Build.0 = Debug|Any CPU
		{A8D9E6F3-0E5B-4B6F-9D8C-2A3F4E5D6C7B}.Debug|x64.ActiveCfg = Debug|x64
		{A8D9E6F3-0E5B-4B6F-9D8C-2A3F4E5D6C7B}.Debug|x64.Build.0 = Debug|x64
		{A8D9E6F3-0E5B-4B6F-9D8C-2A3F4E5D6C7B}.Debug|x86.ActiveCfg = Debug|Any CPU
		{A8D9E6F3-0E5B-4B6F-9D8C-2A3F4E5D6C7B}.Debug|x86.Build.0 = Debug|Any CPU
		{A8D9E6F3-0E5B-4B6F-9D8C-2A3F4E5D6C7B}.Release|Any CPU.ActiveCfg = Release|Any CPU
		{A8D9E6F3-0E5B-4B6F-9D8C-2A3F4E5D6C7B}.Release|Any CPU.Build.0 = Release|Any CPU
		{A8D9E6F3-0E5B-4B6F-9D8C-2A3F4E5D6C7B}.Release|x64.ActiveCfg = Release|x64
		{A8D9E6F3-0E5B-4B6F-9D8C-2A3F4E5D6C7B}.Release|x64.Build.0 = Release|x64
		{A8D9E6F3-0E5B-4B6F-9D8C-2A3F4E5D6C7B}.Release|x86.ActiveCfg = Release|Any CPU
		{A8D9E6F3-0E5B-4B6F-9D8C-2A3F4E5D6C7B}.Release|x86.Build.0 = Release|Any CPU
		{39FA3E6F-52A6-41E2-A923-D50674B91C58}.Debug|Any CPU.ActiveCfg = Debug|Any CPU
		{39FA3E6F-52A6-41E2-A923-D50674B91C58}.Debug|Any CPU.Build.0 = Debug|Any CPU
		{39FA3E6F-52A6-41E2-A923-D50674B91C58}.Debug|x64.ActiveCfg = Debug|x64
		{39FA3E6F-52A6-41E2-A923-D50674B91C58}.Debug|x64.Build.0 = Debug|x64
		{39FA3E6F-52A6-41E2-A923-D50674B91C58}.Debug|x86.ActiveCfg = Debug|Any CPU
		{39FA3E6F-52A6-41E2-A923-D50674B91C58}.Debug|x86.Build.0 = Debug|Any CPU
		{39FA3E6F-52A6-41E2-A923-D50674B91C58}.Release|Any CPU.ActiveCfg = Release|Any CPU
		{39FA3E6F-52A6-41E2-A923-D50674B91C58}.Release|Any CPU.Build.0 = Release|Any CPU
		{39FA3E6F-52A6-41E2-A923-D50674B91C58}.Release|x64.ActiveCfg = Release|x64
		{39FA3E6F-52A6-41E2-A923-D50674B91C58}.Release|x64.Build.0 = Release|x64
		{39FA3E6F-52A6-41E2-A923-D50674B91C58}.Release|x86.ActiveCfg = Release|Any CPU
		{39FA3E6F-52A6-41E2-A923-D50674B91C58}.Release|x86.Build.0 = Release|Any CPU
		{B7C8F5E2-9D4A-4A5E-8C7B-1F2E3D4C5B6A}.Debug|Any CPU.ActiveCfg = Debug|Any CPU
		{B7C8F5E2-9D4A-4A5E-8C7B-1F2E3D4C5B6A}.Debug|Any CPU.Build.0 = Debug|Any CPU
		{B7C8F5E2-9D4A-4A5E-8C7B-1F2E3D4C5B6A}.Debug|x64.ActiveCfg = Debug|x64
		{B7C8F5E2-9D4A-4A5E-8C7B-1F2E3D4C5B6A}.Debug|x64.Build.0 = Debug|x64
		{B7C8F5E2-9D4A-4A5E-8C7B-1F2E3D4C5B6A}.Debug|x86.ActiveCfg = Debug|Any CPU
		{B7C8F5E2-9D4A-4A5E-8C7B-1F2E3D4C5B6A}.Debug|x86.Build.0 = Debug|Any CPU
		{B7C8F5E2-9D4A-4A5E-8C7B-1F2E3D4C5B6A}.Release|Any CPU.ActiveCfg = Release|Any CPU
		{B7C8F5E2-9D4A-4A5E-8C7B-1F2E3D4C5B6A}.Release|Any CPU.Build.0 = Release|Any CPU
		{B7C8F5E2-9D4A-4A5E-8C7B-1F2E3D4C5B6A}.Release|x64.ActiveCfg = Release|x64
		{B7C8F5E2-9D4A-4A5E-8C7B-1F2E3D4C5B6A}.Release|x64.Build.0 = Release|x64
		{B7C8F5E2-9D4A-4A5E-8C7B-1F2E3D4C5B6A}.Release|x86.ActiveCfg = Release|Any CPU
		{B7C8F5E2-9D4A-4A5E-8C7B-1F2E3D4C5B6A}.Release|x86.Build.0 = Release|Any CPU
		{E35C9D65-690A-4E15-9C42-5C1B3C78F675}.Debug|Any CPU.ActiveCfg = Debug|Any CPU
		{E35C9D65-690A-4E15-9C42-5C1B3C78F675}.Debug|Any CPU.Build.0 = Debug|Any CPU
		{E35C9D65-690A-4E15-9C42-5C1B3C78F675}.Debug|x64.ActiveCfg = Debug|x64
		{E35C9D65-690A-4E15-9C42-5C1B3C78F675}.Debug|x64.Build.0 = Debug|x64
		{E35C9D65-690A-4E15-9C42-5C1B3C78F675}.Debug|x86.ActiveCfg = Debug|Any CPU
		{E35C9D65-690A-4E15-9C42-5C1B3C78F675}.Debug|x86.Build.0 = Debug|Any CPU
		{E35C9D65-690A-4E15-9C42-5C1B3C78F675}.Release|Any CPU.ActiveCfg = Release|Any CPU
		{E35C9D65-690A-4E15-9C42-5C1B3C78F675}.Release|Any CPU.Build.0 = Release|Any CPU
		{E35C9D65-690A-4E15-9C42-5C1B3C78F675}.Release|x64.ActiveCfg = Release|x64
		{E35C9D65-690A-4E15-9C42-5C1B3C78F675}.Release|x64.Build.0 = Release|x64
		{E35C9D65-690A-4E15-9C42-5C1B3C78F675}.Release|x86.ActiveCfg = Release|Any CPU
		{E35C9D65-690A-4E15-9C42-5C1B3C78F675}.Release|x86.Build.0 = Release|Any CPU
		{2C9F51C9-6A2E-4E4F-9F76-0D2B2A9E9B10}.Debug|Any CPU.ActiveCfg = Debug|Any CPU
		{2C9F51C9-6A2E-4E4F-9F76-0D2B2A9E9B10}.Debug|Any CPU.Build.0 = Debug|Any CPU
		{2C9F51C9-6A2E-4E4F-9F76-0D2B2A9E9B10}.Debug|x64.ActiveCfg = Debug|x64
		{2C9F51C9-6A2E-4E4F-9F76-0D2B2A9E9B10}.Debug|x64.Build.0 = Debug|x64
		{2C9F51C9-6A2E-4E4F-9F76-0D2B2A9E9B10}.Debug|x86.ActiveCfg = Debug|Any CPU
		{2C9F51C9-6A2E-4E4F-9F76-0D2B2A9E9B10}.Debug|x86.Build.0 = Debug|Any CPU
		{2C9F51C9-6A2E-4E4F-9F76-0D2B2A9E9B10}.Release|Any CPU.ActiveCfg = Release|Any CPU
		{2C9F51C9-6A2E-4E4F-9F76-0D2B2A9E9B10}.Release|Any CPU.Build.0 = Release|Any CPU
		{2C9F51C9-6A2E-4E4F-9F76-0D2B2A9E9B10}.Release|x64.ActiveCfg = Release|x64
		{2C9F51C9-6A2E-4E4F-9F76-0D2B2A9E9B10}.Release|x64.Build.0 = Release|x64
		{2C9F51C9-6A2E-4E4F-9F76-0D2B2A9E9B10}.Release|x86.ActiveCfg = Release|Any CPU
		{2C9F51C9-6A2E-4E4F-9F76-0D2B2A9E9B10}.Release|x86.Build.0 = Release|Any CPU
		{7B4B3D0E-1EAC-4F2E-A1D2-9C8B5D2C6E90}.Debug|Any CPU.ActiveCfg = Debug|Any CPU
		{7B4B3D0E-1EAC-4F2E-A1D2-9C8B5D2C6E90}.Debug|Any CPU.Build.0 = Debug|Any CPU
		{7B4B3D0E-1EAC-4F2E-A1D2-9C8B5D2C6E90}.Debug|x64.ActiveCfg = Debug|x64
		{7B4B3D0E-1EAC-4F2E-A1D2-9C8B5D2C6E90}.Debug|x64.Build.0 = Debug|x64
		{7B4B3D0E-1EAC-4F2E-A1D2-9C8B5D2C6E90}.Debug|x86.ActiveCfg = Debug|Any CPU
		{7B4B3D0E-1EAC-4F2E-A1D2-9C8B5D2C6E90}.Debug|x86.Build.0 = Debug|Any CPU
		{7B4B3D0E-1EAC-4F2E-A1D2-9C8B5D2C6E90}.Release|Any CPU.ActiveCfg = Release|Any CPU
		{7B4B3D0E-1EAC-4F2E-A1D2-9C8B5D2C6E90}.Release|Any CPU.Build.0 = Release|Any CPU
		{7B4B3D0E-1EAC-4F2E-A1D2-9C8B5D2C6E90}.Release|x64.ActiveCfg = Release|x64
		{7B4B3D0E-1EAC-4F2E-A1D2-9C8B5D2C6E90}.Release|x64.Build.0 = Release|x64
		{7B4B3D0E-1EAC-4F2E-A1D2-9C8B5D2C6E90}.Release|x86.ActiveCfg = Release|Any CPU
		{7B4B3D0E-1EAC-4F2E-A1D2-9C8B5D2C6E90}.Release|x86.Build.0 = Release|Any CPU
	EndGlobalSection
	GlobalSection(SolutionProperties) = preSolution
		HideSolutionNode = FALSE
	EndGlobalSection
	GlobalSection(NestedProjects) = preSolution
	EndGlobalSection
EndGlobal
